
Microsoft Visual Studio Solution File, Format Version 12.00
# Visual Studio Version 17
VisualStudioVersion = 17.9.34321.82
MinimumVisualStudioVersion = 10.0.40219.1
Project("{2150E333-8FDC-42A3-9474-1A3956D46DE8}") = "src", "src", "{A0DFD544-D4BC-4B1D-8D5F-395D166244AC}"
EndProject
Project("{2150E333-8FDC-42A3-9474-1A3956D46DE8}") = "Domain", "Domain", "{55A1B3E7-4892-49A7-8E73-824E47E08043}"
EndProject
Project("{2150E333-8FDC-42A3-9474-1A3956D46DE8}") = "Application", "Application", "{8A124A02-20A9-4D09-A93B-4E255EED815E}"
EndProject
Project("{2150E333-8FDC-42A3-9474-1A3956D46DE8}") = "tests", "tests", "{26D3F8E1-42D7-4FBD-8E98-9FF8AFCD9A11}"
EndProject
Project("{2150E333-8FDC-42A3-9474-1A3956D46DE8}") = "Infrastructure", "Infrastructure", "{44C29373-812F-4958-A083-4F337F267C30}"
EndProject
Project("{2150E333-8FDC-42A3-9474-1A3956D46DE8}") = "Presentation", "Presentation", "{5EE74659-D0C7-45BA-AC9D-DB55E4F17C98}"
EndProject
Project("{2150E333-8FDC-42A3-9474-1A3956D46DE8}") = "DataAccess", "DataAccess", "{0D33B75C-87BC-4BAB-A955-A585CEFF6E22}"
EndProject
Project("{2150E333-8FDC-42A3-9474-1A3956D46DE8}") = "Shared", "Shared", "{0A098579-47C0-4851-B104-7F3793182EB3}"
EndProject
Project("{2150E333-8FDC-42A3-9474-1A3956D46DE8}") = "Workers", "Workers", "{1D6961B1-FCDB-4C82-A947-4CD01CBAC3D1}"
EndProject
Project("{2150E333-8FDC-42A3-9474-1A3956D46DE8}") = "Entry", "Entry", "{EFB9B112-5738-426A-81EB-F04E275C671C}"
EndProject
Project("{9A19103F-16F7-4668-BE54-9A1E7A4F7556}") = "FluxoDiario.Application", "FluxoDiario.Application\FluxoDiario.Application.csproj", "{CC717065-8751-4B68-A05A-151F92354B30}"
EndProject
Project("{9A19103F-16F7-4668-BE54-9A1E7A4F7556}") = "FluxoDiario.DataAccess", "FluxoDiario.DataAccess\FluxoDiario.DataAccess.csproj", "{F3E4A324-D7B7-4368-8959-5CB614954D1A}"
EndProject
Project("{9A19103F-16F7-4668-BE54-9A1E7A4F7556}") = "FluxoDiario.Domain", "FluxoDiario.Domain\FluxoDiario.Domain.csproj", "{EF29A104-0E19-4E8E-B8CA-1946DF680D46}"
EndProject
Project("{9A19103F-16F7-4668-BE54-9A1E7A4F7556}") = "FluxoDiario.Presentation.API", "FluxoDiario.Presentation.API\FluxoDiario.Presentation.API.csproj", "{4C9F860C-BFCE-4C00-BB83-805F5DA6CC99}"
EndProject
Project("{9A19103F-16F7-4668-BE54-9A1E7A4F7556}") = "FluxoDiario.Infrastructure.Configurations", "FluxoDiario.Infrastructure.Configurations\FluxoDiario.Infrastructure.Configurations.csproj", "{5BE28E76-9D1E-42DF-9041-081898E71EEF}"
EndProject
Project("{9A19103F-16F7-4668-BE54-9A1E7A4F7556}") = "FluxoDiario.Infrastructure.Generic", "FluxoDiario.Infrastructure.Generic\FluxoDiario.Infrastructure.Generic.csproj", "{F9EF9261-E7B0-46C4-9052-BB73D60F3AE1}"
EndProject
Project("{9A19103F-16F7-4668-BE54-9A1E7A4F7556}") = "FluxoDiario.Shared", "FluxoDiario.Shared\FluxoDiario.Shared.csproj", "{2FCA7BEB-7B19-4E04-AB8E-0F29B894CF13}"
EndProject
Project("{9A19103F-16F7-4668-BE54-9A1E7A4F7556}") = "FluxoDiario.Tests.Integrations", "FluxoDiario.Tests.Integrations\FluxoDiario.Tests.Integrations.csproj", "{98BA15AC-8596-493E-869A-948AF59CB3F1}"
EndProject
Project("{9A19103F-16F7-4668-BE54-9A1E7A4F7556}") = "FluxoDiario.Tests.Unit", "FluxoDiario.Tests.Unit\FluxoDiario.Tests.Unit.csproj", "{F67B6C5A-BBE4-49ED-86B7-E570103DFB36}"
EndProject
Project("{9A19103F-16F7-4668-BE54-9A1E7A4F7556}") = "FluxoDiario.Workers.MessageConsumer", "FluxoDiario.Workers.MessageConsumer\FluxoDiario.Workers.MessageConsumer.csproj", "{93B8BC50-2F12-4453-880B-C6161DD4FCBF}"
EndProject
Global
	GlobalSection(SolutionConfigurationPlatforms) = preSolution
		Debug|Any CPU = Debug|Any CPU
		Release|Any CPU = Release|Any CPU
	EndGlobalSection
	GlobalSection(ProjectConfigurationPlatforms) = postSolution
		{CC717065-8751-4B68-A05A-151F92354B30}.Debug|Any CPU.ActiveCfg = Debug|Any CPU
		{CC717065-8751-4B68-A05A-151F92354B30}.Debug|Any CPU.Build.0 = Debug|Any CPU
		{CC717065-8751-4B68-A05A-151F92354B30}.Release|Any CPU.ActiveCfg = Release|Any CPU
		{CC717065-8751-4B68-A05A-151F92354B30}.Release|Any CPU.Build.0 = Release|Any CPU
		{F3E4A324-D7B7-4368-8959-5CB614954D1A}.Debug|Any CPU.ActiveCfg = Debug|Any CPU
		{F3E4A324-D7B7-4368-8959-5CB614954D1A}.Debug|Any CPU.Build.0 = Debug|Any CPU
		{F3E4A324-D7B7-4368-8959-5CB614954D1A}.Release|Any CPU.ActiveCfg = Release|Any CPU
		{F3E4A324-D7B7-4368-8959-5CB614954D1A}.Release|Any CPU.Build.0 = Release|Any CPU
		{EF29A104-0E19-4E8E-B8CA-1946DF680D46}.Debug|Any CPU.ActiveCfg = Debug|Any CPU
		{EF29A104-0E19-4E8E-B8CA-1946DF680D46}.Debug|Any CPU.Build.0 = Debug|Any CPU
		{EF29A104-0E19-4E8E-B8CA-1946DF680D46}.Release|Any CPU.ActiveCfg = Release|Any CPU
		{EF29A104-0E19-4E8E-B8CA-1946DF680D46}.Release|Any CPU.Build.0 = Release|Any CPU
		{4C9F860C-BFCE-4C00-BB83-805F5DA6CC99}.Debug|Any CPU.ActiveCfg = Debug|Any CPU
		{4C9F860C-BFCE-4C00-BB83-805F5DA6CC99}.Debug|Any CPU.Build.0 = Debug|Any CPU
		{4C9F860C-BFCE-4C00-BB83-805F5DA6CC99}.Release|Any CPU.ActiveCfg = Release|Any CPU
		{4C9F860C-BFCE-4C00-BB83-805F5DA6CC99}.Release|Any CPU.Build.0 = Release|Any CPU
		{5BE28E76-9D1E-42DF-9041-081898E71EEF}.Debug|Any CPU.ActiveCfg = Debug|Any CPU
		{5BE28E76-9D1E-42DF-9041-081898E71EEF}.Debug|Any CPU.Build.0 = Debug|Any CPU
		{5BE28E76-9D1E-42DF-9041-081898E71EEF}.Release|Any CPU.ActiveCfg = Release|Any CPU
		{5BE28E76-9D1E-42DF-9041-081898E71EEF}.Release|Any CPU.Build.0 = Release|Any CPU
		{F9EF9261-E7B0-46C4-9052-BB73D60F3AE1}.Debug|Any CPU.ActiveCfg = Debug|Any CPU
		{F9EF9261-E7B0-46C4-9052-BB73D60F3AE1}.Debug|Any CPU.Build.0 = Debug|Any CPU
		{F9EF9261-E7B0-46C4-9052-BB73D60F3AE1}.Release|Any CPU.ActiveCfg = Release|Any CPU
		{F9EF9261-E7B0-46C4-9052-BB73D60F3AE1}.Release|Any CPU.Build.0 = Release|Any CPU
		{2FCA7BEB-7B19-4E04-AB8E-0F29B894CF13}.Debug|Any CPU.ActiveCfg = Debug|Any CPU
		{2FCA7BEB-7B19-4E04-AB8E-0F29B894CF13}.Debug|Any CPU.Build.0 = Debug|Any CPU
		{2FCA7BEB-7B19-4E04-AB8E-0F29B894CF13}.Release|Any CPU.ActiveCfg = Release|Any CPU
		{2FCA7BEB-7B19-4E04-AB8E-0F29B894CF13}.Release|Any CPU.Build.0 = Release|Any CPU
		{98BA15AC-8596-493E-869A-948AF59CB3F1}.Debug|Any CPU.ActiveCfg = Debug|Any CPU
		{98BA15AC-8596-493E-869A-948AF59CB3F1}.Debug|Any CPU.Build.0 = Debug|Any CPU
		{98BA15AC-8596-493E-869A-948AF59CB3F1}.Release|Any CPU.ActiveCfg = Release|Any CPU
		{98BA15AC-8596-493E-869A-948AF59CB3F1}.Release|Any CPU.Build.0 = Release|Any CPU
		{F67B6C5A-BBE4-49ED-86B7-E570103DFB36}.Debug|Any CPU.ActiveCfg = Debug|Any CPU
		{F67B6C5A-BBE4-49ED-86B7-E570103DFB36}.Debug|Any CPU.Build.0 = Debug|Any CPU
		{F67B6C5A-BBE4-49ED-86B7-E570103DFB36}.Release|Any CPU.ActiveCfg = Release|Any CPU
		{F67B6C5A-BBE4-49ED-86B7-E570103DFB36}.Release|Any CPU.Build.0 = Release|Any CPU
		{93B8BC50-2F12-4453-880B-C6161DD4FCBF}.Debug|Any CPU.ActiveCfg = Debug|Any CPU
		{93B8BC50-2F12-4453-880B-C6161DD4FCBF}.Debug|Any CPU.Build.0 = Debug|Any CPU
		{93B8BC50-2F12-4453-880B-C6161DD4FCBF}.Release|Any CPU.ActiveCfg = Release|Any CPU
		{93B8BC50-2F12-4453-880B-C6161DD4FCBF}.Release|Any CPU.Build.0 = Release|Any CPU
	EndGlobalSection
	GlobalSection(SolutionProperties) = preSolution
		HideSolutionNode = FALSE
	EndGlobalSection
	GlobalSection(NestedProjects) = preSolution
		{55A1B3E7-4892-49A7-8E73-824E47E08043} = {A0DFD544-D4BC-4B1D-8D5F-395D166244AC}
		{8A124A02-20A9-4D09-A93B-4E255EED815E} = {A0DFD544-D4BC-4B1D-8D5F-395D166244AC}
		{44C29373-812F-4958-A083-4F337F267C30} = {A0DFD544-D4BC-4B1D-8D5F-395D166244AC}
		{5EE74659-D0C7-45BA-AC9D-DB55E4F17C98} = {EFB9B112-5738-426A-81EB-F04E275C671C}
		{0D33B75C-87BC-4BAB-A955-A585CEFF6E22} = {A0DFD544-D4BC-4B1D-8D5F-395D166244AC}
		{0A098579-47C0-4851-B104-7F3793182EB3} = {A0DFD544-D4BC-4B1D-8D5F-395D166244AC}
		{1D6961B1-FCDB-4C82-A947-4CD01CBAC3D1} = {EFB9B112-5738-426A-81EB-F04E275C671C}
		{EFB9B112-5738-426A-81EB-F04E275C671C} = {A0DFD544-D4BC-4B1D-8D5F-395D166244AC}
		{CC717065-8751-4B68-A05A-151F92354B30} = {8A124A02-20A9-4D09-A93B-4E255EED815E}
		{F3E4A324-D7B7-4368-8959-5CB614954D1A} = {0D33B75C-87BC-4BAB-A955-A585CEFF6E22}
		{EF29A104-0E19-4E8E-B8CA-1946DF680D46} = {55A1B3E7-4892-49A7-8E73-824E47E08043}
		{4C9F860C-BFCE-4C00-BB83-805F5DA6CC99} = {5EE74659-D0C7-45BA-AC9D-DB55E4F17C98}
		{5BE28E76-9D1E-42DF-9041-081898E71EEF} = {44C29373-812F-4958-A083-4F337F267C30}
		{F9EF9261-E7B0-46C4-9052-BB73D60F3AE1} = {44C29373-812F-4958-A083-4F337F267C30}
		{2FCA7BEB-7B19-4E04-AB8E-0F29B894CF13} = {0A098579-47C0-4851-B104-7F3793182EB3}
		{98BA15AC-8596-493E-869A-948AF59CB3F1} = {26D3F8E1-42D7-4FBD-8E98-9FF8AFCD9A11}
		{F67B6C5A-BBE4-49ED-86B7-E570103DFB36} = {26D3F8E1-42D7-4FBD-8E98-9FF8AFCD9A11}
		{93B8BC50-2F12-4453-880B-C6161DD4FCBF} = {1D6961B1-FCDB-4C82-A947-4CD01CBAC3D1}
	EndGlobalSection
	GlobalSection(ExtensibilityGlobals) = postSolution
		SolutionGuid = {D1333E62-A726-4E00-9664-D44768D88589}
	EndGlobalSection
EndGlobal
